// !$*UTF8*$!
{
	archiveVersion = 1;
	classes = {
	};
	objectVersion = 50;
	objects = {

/* Begin PBXBuildFile section */
		BC5D5A29265B312E00D50529 /* AppDelegate.swift in Sources */ = {isa = PBXBuildFile; fileRef = BC5D5A28265B312E00D50529 /* AppDelegate.swift */; };
		BC5D5A2B265B312E00D50529 /* SceneDelegate.swift in Sources */ = {isa = PBXBuildFile; fileRef = BC5D5A2A265B312E00D50529 /* SceneDelegate.swift */; };
		BC5D5A2D265B312E00D50529 /* ViewController.swift in Sources */ = {isa = PBXBuildFile; fileRef = BC5D5A2C265B312E00D50529 /* ViewController.swift */; };
		BC5D5A30265B312E00D50529 /* Main.storyboard in Resources */ = {isa = PBXBuildFile; fileRef = BC5D5A2E265B312E00D50529 /* Main.storyboard */; };
		BC5D5A32265B313000D50529 /* Assets.xcassets in Resources */ = {isa = PBXBuildFile; fileRef = BC5D5A31265B313000D50529 /* Assets.xcassets */; };
		BC5D5A35265B313000D50529 /* LaunchScreen.storyboard in Resources */ = {isa = PBXBuildFile; fileRef = BC5D5A33265B313000D50529 /* LaunchScreen.storyboard */; };
/* End PBXBuildFile section */

/* Begin PBXFileReference section */
		BC5D5A25265B312E00D50529 /* client-server-swift.app */ = {isa = PBXFileReference; explicitFileType = wrapper.application; includeInIndex = 0; path = "client-server-swift.app"; sourceTree = BUILT_PRODUCTS_DIR; };
		BC5D5A28265B312E00D50529 /* AppDelegate.swift */ = {isa = PBXFileReference; lastKnownFileType = sourcecode.swift; path = AppDelegate.swift; sourceTree = "<group>"; };
		BC5D5A2A265B312E00D50529 /* SceneDelegate.swift */ = {isa = PBXFileReference; lastKnownFileType = sourcecode.swift; path = SceneDelegate.swift; sourceTree = "<group>"; };
		BC5D5A2C265B312E00D50529 /* ViewController.swift */ = {isa = PBXFileReference; lastKnownFileType = sourcecode.swift; path = ViewController.swift; sourceTree = "<group>"; };
		BC5D5A2F265B312E00D50529 /* Base */ = {isa = PBXFileReference; lastKnownFileType = file.storyboard; name = Base; path = Base.lproj/Main.storyboard; sourceTree = "<group>"; };
		BC5D5A31265B313000D50529 /* Assets.xcassets */ = {isa = PBXFileReference; lastKnownFileType = folder.assetcatalog; path = Assets.xcassets; sourceTree = "<group>"; };
		BC5D5A34265B313000D50529 /* Base */ = {isa = PBXFileReference; lastKnownFileType = file.storyboard; name = Base; path = Base.lproj/LaunchScreen.storyboard; sourceTree = "<group>"; };
		BC5D5A36265B313000D50529 /* Info.plist */ = {isa = PBXFileReference; lastKnownFileType = text.plist.xml; path = Info.plist; sourceTree = "<group>"; };
/* End PBXFileReference section */

/* Begin PBXFrameworksBuildPhase section */
		BC5D5A22265B312E00D50529 /* Frameworks */ = {
			isa = PBXFrameworksBuildPhase;
			buildActionMask = 2147483647;
			files = (
			);
			runOnlyForDeploymentPostprocessing = 0;
		};
/* End PBXFrameworksBuildPhase section */

/* Begin PBXGroup section */
		BC5D5A1C265B312E00D50529 = {
			isa = PBXGroup;
			children = (
				BC5D5A27265B312E00D50529 /* client-server-swift */,
				BC5D5A26265B312E00D50529 /* Products */,
			);
			sourceTree = "<group>";
		};
		BC5D5A26265B312E00D50529 /* Products */ = {
			isa = PBXGroup;
			children = (
				BC5D5A25265B312E00D50529 /* client-server-swift.app */,
			);
			name = Products;
			sourceTree = "<group>";
		};
		BC5D5A27265B312E00D50529 /* client-server-swift */ = {
			isa = PBXGroup;
			children = (
				BC5D5A3C265B316600D50529 /* App */,
				BC5D5A3E265B31F600D50529 /* Lesson-1 */,
				BC5D5A3D265B318900D50529 /* Resources */,
			);
			path = "client-server-swift";
			sourceTree = "<group>";
		};
		BC5D5A3C265B316600D50529 /* App */ = {
			isa = PBXGroup;
			children = (
				BC5D5A28265B312E00D50529 /* AppDelegate.swift */,
				BC5D5A2A265B312E00D50529 /* SceneDelegate.swift */,
			);
			path = App;
			sourceTree = "<group>";
		};
		BC5D5A3D265B318900D50529 /* Resources */ = {
			isa = PBXGroup;
			children = (
				BC5D5A2E265B312E00D50529 /* Main.storyboard */,
				BC5D5A31265B313000D50529 /* Assets.xcassets */,
				BC5D5A33265B313000D50529 /* LaunchScreen.storyboard */,
				BC5D5A36265B313000D50529 /* Info.plist */,
			);
			path = Resources;
			sourceTree = "<group>";
		};
		BC5D5A3E265B31F600D50529 /* Lesson-1 */ = {
			isa = PBXGroup;
			children = (
				BC5D5A2C265B312E00D50529 /* ViewController.swift */,
			);
			path = "Lesson-1";
			sourceTree = "<group>";
		};
/* End PBXGroup section */

/* Begin PBXNativeTarget section */
		BC5D5A24265B312E00D50529 /* client-server-swift */ = {
			isa = PBXNativeTarget;
			buildConfigurationList = BC5D5A39265B313000D50529 /* Build configuration list for PBXNativeTarget "client-server-swift" */;
			buildPhases = (
				BC5D5A21265B312E00D50529 /* Sources */,
				BC5D5A22265B312E00D50529 /* Frameworks */,
				BC5D5A23265B312E00D50529 /* Resources */,
			);
			buildRules = (
			);
			dependencies = (
			);
			name = "client-server-swift";
			productName = "client-server-swift";
			productReference = BC5D5A25265B312E00D50529 /* client-server-swift.app */;
			productType = "com.apple.product-type.application";
		};
/* End PBXNativeTarget section */

/* Begin PBXProject section */
		BC5D5A1D265B312E00D50529 /* Project object */ = {
			isa = PBXProject;
			attributes = {
				LastSwiftUpdateCheck = 1250;
				LastUpgradeCheck = 1250;
				TargetAttributes = {
					BC5D5A24265B312E00D50529 = {
						CreatedOnToolsVersion = 12.5;
					};
				};
			};
			buildConfigurationList = BC5D5A20265B312E00D50529 /* Build configuration list for PBXProject "client-server-swift" */;
			compatibilityVersion = "Xcode 9.3";
			developmentRegion = en;
			hasScannedForEncodings = 0;
			knownRegions = (
				en,
				Base,
			);
			mainGroup = BC5D5A1C265B312E00D50529;
			productRefGroup = BC5D5A26265B312E00D50529 /* Products */;
			projectDirPath = "";
			projectRoot = "";
			targets = (
				BC5D5A24265B312E00D50529 /* client-server-swift */,
			);
		};
/* End PBXProject section */

/* Begin PBXResourcesBuildPhase section */
		BC5D5A23265B312E00D50529 /* Resources */ = {
			isa = PBXResourcesBuildPhase;
			buildActionMask = 2147483647;
			files = (
				BC5D5A35265B313000D50529 /* LaunchScreen.storyboard in Resources */,
				BC5D5A32265B313000D50529 /* Assets.xcassets in Resources */,
				BC5D5A30265B312E00D50529 /* Main.storyboard in Resources */,
			);
			runOnlyForDeploymentPostprocessing = 0;
		};
/* End PBXResourcesBuildPhase section */

/* Begin PBXSourcesBuildPhase section */
		BC5D5A21265B312E00D50529 /* Sources */ = {
			isa = PBXSourcesBuildPhase;
			buildActionMask = 2147483647;
			files = (
				BC5D5A2D265B312E00D50529 /* ViewController.swift in Sources */,
				BC5D5A29265B312E00D50529 /* AppDelegate.swift in Sources */,
				BC5D5A2B265B312E00D50529 /* SceneDelegate.swift in Sources */,
			);
			runOnlyForDeploymentPostprocessing = 0;
		};
/* End PBXSourcesBuildPhase section */

/* Begin PBXVariantGroup section */
		BC5D5A2E265B312E00D50529 /* Main.storyboard */ = {
			isa = PBXVariantGroup;
			children = (
				BC5D5A2F265B312E00D50529 /* Base */,
			);
			name = Main.storyboard;
			sourceTree = "<group>";
		};
		BC5D5A33265B313000D50529 /* LaunchScreen.storyboard */ = {
			isa = PBXVariantGroup;
			children = (
				BC5D5A34265B313000D50529 /* Base */,
			);
			name = LaunchScreen.storyboard;
			sourceTree = "<group>";
		};
/* End PBXVariantGroup section */

/* Begin XCBuildConfiguration section */
		BC5D5A37265B313000D50529 /* Debug */ = {
			isa = XCBuildConfiguration;
			buildSettings = {
				ALWAYS_SEARCH_USER_PATHS = NO;
				CLANG_ANALYZER_NONNULL = YES;
				CLANG_ANALYZER_NUMBER_OBJECT_CONVERSION = YES_AGGRESSIVE;
				CLANG_CXX_LANGUAGE_STANDARD = "gnu++14";
				CLANG_CXX_LIBRARY = "libc++";
				CLANG_ENABLE_MODULES = YES;
				CLANG_ENABLE_OBJC_ARC = YES;
				CLANG_ENABLE_OBJC_WEAK = YES;
				CLANG_WARN_BLOCK_CAPTURE_AUTORELEASING = YES;
				CLANG_WARN_BOOL_CONVERSION = YES;
				CLANG_WARN_COMMA = YES;
				CLANG_WARN_CONSTANT_CONVERSION = YES;
				CLANG_WARN_DEPRECATED_OBJC_IMPLEMENTATIONS = YES;
				CLANG_WARN_DIRECT_OBJC_ISA_USAGE = YES_ERROR;
				CLANG_WARN_DOCUMENTATION_COMMENTS = YES;
				CLANG_WARN_EMPTY_BODY = YES;
				CLANG_WARN_ENUM_CONVERSION = YES;
				CLANG_WARN_INFINITE_RECURSION = YES;
				CLANG_WARN_INT_CONVERSION = YES;
				CLANG_WARN_NON_LITERAL_NULL_CONVERSION = YES;
				CLANG_WARN_OBJC_IMPLICIT_RETAIN_SELF = YES;
				CLANG_WARN_OBJC_LITERAL_CONVERSION = YES;
				CLANG_WARN_OBJC_ROOT_CLASS = YES_ERROR;
				CLANG_WARN_QUOTED_INCLUDE_IN_FRAMEWORK_HEADER = YES;
				CLANG_WARN_RANGE_LOOP_ANALYSIS = YES;
				CLANG_WARN_STRICT_PROTOTYPES = YES;
				CLANG_WARN_SUSPICIOUS_MOVE = YES;
				CLANG_WARN_UNGUARDED_AVAILABILITY = YES_AGGRESSIVE;
				CLANG_WARN_UNREACHABLE_CODE = YES;
				CLANG_WARN__DUPLICATE_METHOD_MATCH = YES;
				COPY_PHASE_STRIP = NO;
				DEBUG_INFORMATION_FORMAT = dwarf;
				ENABLE_STRICT_OBJC_MSGSEND = YES;
				ENABLE_TESTABILITY = YES;
				GCC_C_LANGUAGE_STANDARD = gnu11;
				GCC_DYNAMIC_NO_PIC = NO;
				GCC_NO_COMMON_BLOCKS = YES;
				GCC_OPTIMIZATION_LEVEL = 0;
				GCC_PREPROCESSOR_DEFINITIONS = (
					"DEBUG=1",
					"$(inherited)",
				);
				GCC_WARN_64_TO_32_BIT_CONVERSION = YES;
				GCC_WARN_ABOUT_RETURN_TYPE = YES_ERROR;
				GCC_WARN_UNDECLARED_SELECTOR = YES;
				GCC_WARN_UNINITIALIZED_AUTOS = YES_AGGRESSIVE;
				GCC_WARN_UNUSED_FUNCTION = YES;
				GCC_WARN_UNUSED_VARIABLE = YES;
				IPHONEOS_DEPLOYMENT_TARGET = 14.5;
				MTL_ENABLE_DEBUG_INFO = INCLUDE_SOURCE;
				MTL_FAST_MATH = YES;
				ONLY_ACTIVE_ARCH = YES;
				SDKROOT = iphoneos;
				SWIFT_ACTIVE_COMPILATION_CONDITIONS = DEBUG;
				SWIFT_OPTIMIZATION_LEVEL = "-Onone";
			};
			name = Debug;
		};
		BC5D5A38265B313000D50529 /* Release */ = {
			isa = XCBuildConfiguration;
			buildSettings = {
				ALWAYS_SEARCH_USER_PATHS = NO;
				CLANG_ANALYZER_NONNULL = YES;
				CLANG_ANALYZER_NUMBER_OBJECT_CONVERSION = YES_AGGRESSIVE;
				CLANG_CXX_LANGUAGE_STANDARD = "gnu++14";
				CLANG_CXX_LIBRARY = "libc++";
				CLANG_ENABLE_MODULES = YES;
				CLANG_ENABLE_OBJC_ARC = YES;
				CLANG_ENABLE_OBJC_WEAK = YES;
				CLANG_WARN_BLOCK_CAPTURE_AUTORELEASING = YES;
				CLANG_WARN_BOOL_CONVERSION = YES;
				CLANG_WARN_COMMA = YES;
				CLANG_WARN_CONSTANT_CONVERSION = YES;
				CLANG_WARN_DEPRECATED_OBJC_IMPLEMENTATIONS = YES;
				CLANG_WARN_DIRECT_OBJC_ISA_USAGE = YES_ERROR;
				CLANG_WARN_DOCUMENTATION_COMMENTS = YES;
				CLANG_WARN_EMPTY_BODY = YES;
				CLANG_WARN_ENUM_CONVERSION = YES;
				CLANG_WARN_INFINITE_RECURSION = YES;
				CLANG_WARN_INT_CONVERSION = YES;
				CLANG_WARN_NON_LITERAL_NULL_CONVERSION = YES;
				CLANG_WARN_OBJC_IMPLICIT_RETAIN_SELF = YES;
				CLANG_WARN_OBJC_LITERAL_CONVERSION = YES;
				CLANG_WARN_OBJC_ROOT_CLASS = YES_ERROR;
				CLANG_WARN_QUOTED_INCLUDE_IN_FRAMEWORK_HEADER = YES;
				CLANG_WARN_RANGE_LOOP_ANALYSIS = YES;
				CLANG_WARN_STRICT_PROTOTYPES = YES;
				CLANG_WARN_SUSPICIOUS_MOVE = YES;
				CLANG_WARN_UNGUARDED_AVAILABILITY = YES_AGGRESSIVE;
				CLANG_WARN_UNREACHABLE_CODE = YES;
				CLANG_WARN__DUPLICATE_METHOD_MATCH = YES;
				COPY_PHASE_STRIP = NO;
				DEBUG_INFORMATION_FORMAT = "dwarf-with-dsym";
				ENABLE_NS_ASSERTIONS = NO;
				ENABLE_STRICT_OBJC_MSGSEND = YES;
				GCC_C_LANGUAGE_STANDARD = gnu11;
				GCC_NO_COMMON_BLOCKS = YES;
				GCC_WARN_64_TO_32_BIT_CONVERSION = YES;
				GCC_WARN_ABOUT_RETURN_TYPE = YES_ERROR;
				GCC_WARN_UNDECLARED_SELECTOR = YES;
				GCC_WARN_UNINITIALIZED_AUTOS = YES_AGGRESSIVE;
				GCC_WARN_UNUSED_FUNCTION = YES;
				GCC_WARN_UNUSED_VARIABLE = YES;
				IPHONEOS_DEPLOYMENT_TARGET = 14.5;
				MTL_ENABLE_DEBUG_INFO = NO;
				MTL_FAST_MATH = YES;
				SDKROOT = iphoneos;
				SWIFT_COMPILATION_MODE = wholemodule;
				SWIFT_OPTIMIZATION_LEVEL = "-O";
				VALIDATE_PRODUCT = YES;
			};
			name = Release;
		};
		BC5D5A3A265B313000D50529 /* Debug */ = {
			isa = XCBuildConfiguration;
			buildSettings = {
				ASSETCATALOG_COMPILER_APPICON_NAME = AppIcon;
				ASSETCATALOG_COMPILER_GLOBAL_ACCENT_COLOR_NAME = AccentColor;
				CODE_SIGN_STYLE = Automatic;
				DEVELOPMENT_TEAM = 6577GL836W;
				INFOPLIST_FILE = "client-server-swift/Resources/Info.plist";
				LD_RUNPATH_SEARCH_PATHS = (
					"$(inherited)",
					"@executable_path/Frameworks",
				);
				PRODUCT_BUNDLE_IDENTIFIER = "myOrganization.client-server-swift";
				PRODUCT_NAME = "$(TARGET_NAME)";
				SWIFT_VERSION = 5.0;
				TARGETED_DEVICE_FAMILY = "1,2";
			};
			name = Debug;
		};
		BC5D5A3B265B313000D50529 /* Release */ = {
			isa = XCBuildConfiguration;
			buildSettings = {
				ASSETCATALOG_COMPILER_APPICON_NAME = AppIcon;
				ASSETCATALOG_COMPILER_GLOBAL_ACCENT_COLOR_NAME = AccentColor;
				CODE_SIGN_STYLE = Automatic;
				DEVELOPMENT_TEAM = 6577GL836W;
				INFOPLIST_FILE = "client-server-swift/Resources/Info.plist";
				LD_RUNPATH_SEARCH_PATHS = (
					"$(inherited)",
					"@executable_path/Frameworks",
				);
				PRODUCT_BUNDLE_IDENTIFIER = "myOrganization.client-server-swift";
				PRODUCT_NAME = "$(TARGET_NAME)";
				SWIFT_VERSION = 5.0;
				TARGETED_DEVICE_FAMILY = "1,2";
			};
			name = Release;
		};
/* End XCBuildConfiguration section */

/* Begin XCConfigurationList section */
		BC5D5A20265B312E00D50529 /* Build configuration list for PBXProject "client-server-swift" */ = {
			isa = XCConfigurationList;
			buildConfigurations = (
				BC5D5A37265B313000D50529 /* Debug */,
				BC5D5A38265B313000D50529 /* Release */,
			);
			defaultConfigurationIsVisible = 0;
			defaultConfigurationName = Release;
		};
		BC5D5A39265B313000D50529 /* Build configuration list for PBXNativeTarget "client-server-swift" */ = {
			isa = XCConfigurationList;
			buildConfigurations = (
				BC5D5A3A265B313000D50529 /* Debug */,
				BC5D5A3B265B313000D50529 /* Release */,
			);
			defaultConfigurationIsVisible = 0;
			defaultConfigurationName = Release;
		};
/* End XCConfigurationList section */
	};
	rootObject = BC5D5A1D265B312E00D50529 /* Project object */;
}
